// !$*UTF8*$!
{
	archiveVersion = 1;
	classes = {
	};
	objectVersion = 51;
	objects = {

/* Begin PBXBuildFile section */
		70F285B527C60A82009D4F52 /* AppDelegate.swift in Sources */ = {isa = PBXBuildFile; fileRef = 70F285B427C60A82009D4F52 /* AppDelegate.swift */; };
		70F285B727C60A82009D4F52 /* SceneDelegate.swift in Sources */ = {isa = PBXBuildFile; fileRef = 70F285B627C60A82009D4F52 /* SceneDelegate.swift */; };
		70F285BE27C60A83009D4F52 /* Assets.xcassets in Resources */ = {isa = PBXBuildFile; fileRef = 70F285BD27C60A83009D4F52 /* Assets.xcassets */; };
		70F285C127C60A83009D4F52 /* LaunchScreen.storyboard in Resources */ = {isa = PBXBuildFile; fileRef = 70F285BF27C60A83009D4F52 /* LaunchScreen.storyboard */; };
		70F285CA27C71FFF009D4F52 /* KakaoBlogRepositoryImpl.swift in Sources */ = {isa = PBXBuildFile; fileRef = 70F285C927C71FFF009D4F52 /* KakaoBlogRepositoryImpl.swift */; };
		70F285CC27C72340009D4F52 /* KakaoBlogRepository.swift in Sources */ = {isa = PBXBuildFile; fileRef = 70F285CB27C72340009D4F52 /* KakaoBlogRepository.swift */; };
		70F285D027C724A8009D4F52 /* BaseViewController.swift in Sources */ = {isa = PBXBuildFile; fileRef = 70F285CF27C724A8009D4F52 /* BaseViewController.swift */; };
		70F285D227C72507009D4F52 /* KakaoBlogController.swift in Sources */ = {isa = PBXBuildFile; fileRef = 70F285D127C72507009D4F52 /* KakaoBlogController.swift */; };
		70F285D527C72529009D4F52 /* BaseView.swift in Sources */ = {isa = PBXBuildFile; fileRef = 70F285D427C72529009D4F52 /* BaseView.swift */; };
		70F285D827C7256E009D4F52 /* KakaoBlogView.swift in Sources */ = {isa = PBXBuildFile; fileRef = 70F285D727C7256E009D4F52 /* KakaoBlogView.swift */; };
		70F285DB27C72847009D4F52 /* KakaoBlogEntity.swift in Sources */ = {isa = PBXBuildFile; fileRef = 70F285DA27C72847009D4F52 /* KakaoBlogEntity.swift */; };
		70F285DE27C72B00009D4F52 /* KakaoBlogUsecase.swift in Sources */ = {isa = PBXBuildFile; fileRef = 70F285DD27C72B00009D4F52 /* KakaoBlogUsecase.swift */; };
		70F285E127C72B9D009D4F52 /* KakaoBlogViewModel.swift in Sources */ = {isa = PBXBuildFile; fileRef = 70F285E027C72B9D009D4F52 /* KakaoBlogViewModel.swift */; };
		70F285E327C7331A009D4F52 /* KakaoBlogCell.swift in Sources */ = {isa = PBXBuildFile; fileRef = 70F285E227C7331A009D4F52 /* KakaoBlogCell.swift */; };
		70F285E627C73643009D4F52 /* extension+UIImageView.swift in Sources */ = {isa = PBXBuildFile; fileRef = 70F285E527C73643009D4F52 /* extension+UIImageView.swift */; };
		70F285E827C73BEC009D4F52 /* KakaoBlog+UITableView.swift in Sources */ = {isa = PBXBuildFile; fileRef = 70F285E727C73BEC009D4F52 /* KakaoBlog+UITableView.swift */; };
		70F285EA27C73CFB009D4F52 /* KakaoBlogModel.swift in Sources */ = {isa = PBXBuildFile; fileRef = 70F285E927C73CFB009D4F52 /* KakaoBlogModel.swift */; };
		70F285ED27C7410F009D4F52 /* Font.swift in Sources */ = {isa = PBXBuildFile; fileRef = 70F285EC27C7410F009D4F52 /* Font.swift */; };
		70F2864F27CA23CA009D4F52 /* LoadingView.swift in Sources */ = {isa = PBXBuildFile; fileRef = 70F2864E27CA23CA009D4F52 /* LoadingView.swift */; };
		C797E18B6275CB8304A3D855 /* Pods_KakaoBlog.framework in Frameworks */ = {isa = PBXBuildFile; fileRef = 752C919FA6266AEA4B79D6CA /* Pods_KakaoBlog.framework */; };
/* End PBXBuildFile section */

/* Begin PBXFileReference section */
		32EBA7F0AFB16FB28CC08744 /* Pods-KakaoBlog.debug.xcconfig */ = {isa = PBXFileReference; includeInIndex = 1; lastKnownFileType = text.xcconfig; name = "Pods-KakaoBlog.debug.xcconfig"; path = "Target Support Files/Pods-KakaoBlog/Pods-KakaoBlog.debug.xcconfig"; sourceTree = "<group>"; };
		70F285B127C60A82009D4F52 /* KakaoBlog.app */ = {isa = PBXFileReference; explicitFileType = wrapper.application; includeInIndex = 0; path = KakaoBlog.app; sourceTree = BUILT_PRODUCTS_DIR; };
		70F285B427C60A82009D4F52 /* AppDelegate.swift */ = {isa = PBXFileReference; lastKnownFileType = sourcecode.swift; path = AppDelegate.swift; sourceTree = "<group>"; };
		70F285B627C60A82009D4F52 /* SceneDelegate.swift */ = {isa = PBXFileReference; lastKnownFileType = sourcecode.swift; path = SceneDelegate.swift; sourceTree = "<group>"; };
		70F285BD27C60A83009D4F52 /* Assets.xcassets */ = {isa = PBXFileReference; lastKnownFileType = folder.assetcatalog; path = Assets.xcassets; sourceTree = "<group>"; };
		70F285C027C60A83009D4F52 /* Base */ = {isa = PBXFileReference; lastKnownFileType = file.storyboard; name = Base; path = Base.lproj/LaunchScreen.storyboard; sourceTree = "<group>"; };
		70F285C227C60A83009D4F52 /* Info.plist */ = {isa = PBXFileReference; lastKnownFileType = text.plist.xml; path = Info.plist; sourceTree = "<group>"; };
		70F285C927C71FFF009D4F52 /* KakaoBlogRepositoryImpl.swift */ = {isa = PBXFileReference; lastKnownFileType = sourcecode.swift; path = KakaoBlogRepositoryImpl.swift; sourceTree = "<group>"; };
		70F285CB27C72340009D4F52 /* KakaoBlogRepository.swift */ = {isa = PBXFileReference; lastKnownFileType = sourcecode.swift; path = KakaoBlogRepository.swift; sourceTree = "<group>"; };
		70F285CF27C724A8009D4F52 /* BaseViewController.swift */ = {isa = PBXFileReference; lastKnownFileType = sourcecode.swift; path = BaseViewController.swift; sourceTree = "<group>"; };
		70F285D127C72507009D4F52 /* KakaoBlogController.swift */ = {isa = PBXFileReference; lastKnownFileType = sourcecode.swift; path = KakaoBlogController.swift; sourceTree = "<group>"; };
		70F285D427C72529009D4F52 /* BaseView.swift */ = {isa = PBXFileReference; lastKnownFileType = sourcecode.swift; path = BaseView.swift; sourceTree = "<group>"; };
		70F285D727C7256E009D4F52 /* KakaoBlogView.swift */ = {isa = PBXFileReference; lastKnownFileType = sourcecode.swift; path = KakaoBlogView.swift; sourceTree = "<group>"; };
		70F285DA27C72847009D4F52 /* KakaoBlogEntity.swift */ = {isa = PBXFileReference; lastKnownFileType = sourcecode.swift; path = KakaoBlogEntity.swift; sourceTree = "<group>"; };
		70F285DD27C72B00009D4F52 /* KakaoBlogUsecase.swift */ = {isa = PBXFileReference; lastKnownFileType = sourcecode.swift; path = KakaoBlogUsecase.swift; sourceTree = "<group>"; };
		70F285E027C72B9D009D4F52 /* KakaoBlogViewModel.swift */ = {isa = PBXFileReference; lastKnownFileType = sourcecode.swift; path = KakaoBlogViewModel.swift; sourceTree = "<group>"; };
		70F285E227C7331A009D4F52 /* KakaoBlogCell.swift */ = {isa = PBXFileReference; lastKnownFileType = sourcecode.swift; path = KakaoBlogCell.swift; sourceTree = "<group>"; };
		70F285E527C73643009D4F52 /* extension+UIImageView.swift */ = {isa = PBXFileReference; lastKnownFileType = sourcecode.swift; path = "extension+UIImageView.swift"; sourceTree = "<group>"; };
		70F285E727C73BEC009D4F52 /* KakaoBlog+UITableView.swift */ = {isa = PBXFileReference; lastKnownFileType = sourcecode.swift; path = "KakaoBlog+UITableView.swift"; sourceTree = "<group>"; };
		70F285E927C73CFB009D4F52 /* KakaoBlogModel.swift */ = {isa = PBXFileReference; lastKnownFileType = sourcecode.swift; path = KakaoBlogModel.swift; sourceTree = "<group>"; };
		70F285EC27C7410F009D4F52 /* Font.swift */ = {isa = PBXFileReference; lastKnownFileType = sourcecode.swift; path = Font.swift; sourceTree = "<group>"; };
		70F2864E27CA23CA009D4F52 /* LoadingView.swift */ = {isa = PBXFileReference; lastKnownFileType = sourcecode.swift; path = LoadingView.swift; sourceTree = "<group>"; };
		752C919FA6266AEA4B79D6CA /* Pods_KakaoBlog.framework */ = {isa = PBXFileReference; explicitFileType = wrapper.framework; includeInIndex = 0; path = Pods_KakaoBlog.framework; sourceTree = BUILT_PRODUCTS_DIR; };
		7A8D1B8C9F7203CD566F347A /* Pods-KakaoBlog.release.xcconfig */ = {isa = PBXFileReference; includeInIndex = 1; lastKnownFileType = text.xcconfig; name = "Pods-KakaoBlog.release.xcconfig"; path = "Target Support Files/Pods-KakaoBlog/Pods-KakaoBlog.release.xcconfig"; sourceTree = "<group>"; };
/* End PBXFileReference section */

/* Begin PBXFrameworksBuildPhase section */
		70F285AE27C60A82009D4F52 /* Frameworks */ = {
			isa = PBXFrameworksBuildPhase;
			buildActionMask = 2147483647;
			files = (
				C797E18B6275CB8304A3D855 /* Pods_KakaoBlog.framework in Frameworks */,
			);
			runOnlyForDeploymentPostprocessing = 0;
		};
/* End PBXFrameworksBuildPhase section */

/* Begin PBXGroup section */
		17DE59632C81318872F115B7 /* Frameworks */ = {
			isa = PBXGroup;
			children = (
				752C919FA6266AEA4B79D6CA /* Pods_KakaoBlog.framework */,
			);
			name = Frameworks;
			sourceTree = "<group>";
		};
		70F285A827C60A82009D4F52 = {
			isa = PBXGroup;
			children = (
				70F285B327C60A82009D4F52 /* KakaoBlog */,
				70F285B227C60A82009D4F52 /* Products */,
				C0F766A5046E444ADCA35D44 /* Pods */,
				17DE59632C81318872F115B7 /* Frameworks */,
			);
			sourceTree = "<group>";
		};
		70F285B227C60A82009D4F52 /* Products */ = {
			isa = PBXGroup;
			children = (
				70F285B127C60A82009D4F52 /* KakaoBlog.app */,
			);
			name = Products;
			sourceTree = "<group>";
		};
		70F285B327C60A82009D4F52 /* KakaoBlog */ = {
			isa = PBXGroup;
			children = (
				70F285EB27C7410A009D4F52 /* Components */,
				70F285E427C7362D009D4F52 /* extension */,
				70F285DC27C72AEF009D4F52 /* Domain */,
				70F285D927C72795009D4F52 /* Entity */,
				70F285CD27C72476009D4F52 /* Presentation */,
				70F285C827C71FF0009D4F52 /* Repository */,
				70F285B427C60A82009D4F52 /* AppDelegate.swift */,
				70F285B627C60A82009D4F52 /* SceneDelegate.swift */,
				70F285BD27C60A83009D4F52 /* Assets.xcassets */,
				70F285BF27C60A83009D4F52 /* LaunchScreen.storyboard */,
				70F285C227C60A83009D4F52 /* Info.plist */,
			);
			path = KakaoBlog;
			sourceTree = "<group>";
		};
		70F285C827C71FF0009D4F52 /* Repository */ = {
			isa = PBXGroup;
			children = (
				70F285C927C71FFF009D4F52 /* KakaoBlogRepositoryImpl.swift */,
				70F285CB27C72340009D4F52 /* KakaoBlogRepository.swift */,
			);
			path = Repository;
			sourceTree = "<group>";
		};
		70F285CD27C72476009D4F52 /* Presentation */ = {
			isa = PBXGroup;
			children = (
				70F285DF27C72B8B009D4F52 /* ViewModel */,
				70F285D327C72525009D4F52 /* View */,
				70F285CE27C724A1009D4F52 /* Controller */,
			);
			path = Presentation;
			sourceTree = "<group>";
		};
		70F285CE27C724A1009D4F52 /* Controller */ = {
			isa = PBXGroup;
			children = (
				70F285CF27C724A8009D4F52 /* BaseViewController.swift */,
				70F285D127C72507009D4F52 /* KakaoBlogController.swift */,
			);
			path = Controller;
			sourceTree = "<group>";
		};
		70F285D327C72525009D4F52 /* View */ = {
			isa = PBXGroup;
			children = (
				70F285D427C72529009D4F52 /* BaseView.swift */,
				70F285D727C7256E009D4F52 /* KakaoBlogView.swift */,
				70F285E227C7331A009D4F52 /* KakaoBlogCell.swift */,
			);
			path = View;
			sourceTree = "<group>";
		};
		70F285D927C72795009D4F52 /* Entity */ = {
			isa = PBXGroup;
			children = (
				70F285DA27C72847009D4F52 /* KakaoBlogEntity.swift */,
			);
			path = Entity;
			sourceTree = "<group>";
		};
		70F285DC27C72AEF009D4F52 /* Domain */ = {
			isa = PBXGroup;
			children = (
				70F285DD27C72B00009D4F52 /* KakaoBlogUsecase.swift */,
			);
			path = Domain;
			sourceTree = "<group>";
		};
		70F285DF27C72B8B009D4F52 /* ViewModel */ = {
			isa = PBXGroup;
			children = (
				70F285E027C72B9D009D4F52 /* KakaoBlogViewModel.swift */,
				70F285E927C73CFB009D4F52 /* KakaoBlogModel.swift */,
			);
			path = ViewModel;
			sourceTree = "<group>";
		};
		70F285E427C7362D009D4F52 /* extension */ = {
			isa = PBXGroup;
			children = (
				70F285E527C73643009D4F52 /* extension+UIImageView.swift */,
				70F285E727C73BEC009D4F52 /* KakaoBlog+UITableView.swift */,
			);
			path = extension;
			sourceTree = "<group>";
		};
		70F285EB27C7410A009D4F52 /* Components */ = {
			isa = PBXGroup;
			children = (
				70F285EC27C7410F009D4F52 /* Font.swift */,
				70F2864E27CA23CA009D4F52 /* LoadingView.swift */,
			);
			path = Components;
			sourceTree = "<group>";
		};
		C0F766A5046E444ADCA35D44 /* Pods */ = {
			isa = PBXGroup;
			children = (
				32EBA7F0AFB16FB28CC08744 /* Pods-KakaoBlog.debug.xcconfig */,
				7A8D1B8C9F7203CD566F347A /* Pods-KakaoBlog.release.xcconfig */,
			);
			path = Pods;
			sourceTree = "<group>";
		};
/* End PBXGroup section */

/* Begin PBXNativeTarget section */
		70F285B027C60A82009D4F52 /* KakaoBlog */ = {
			isa = PBXNativeTarget;
			buildConfigurationList = 70F285C527C60A83009D4F52 /* Build configuration list for PBXNativeTarget "KakaoBlog" */;
			buildPhases = (
				9CF01520E7C45BCDA2CF67D1 /* [CP] Check Pods Manifest.lock */,
				70F285AD27C60A82009D4F52 /* Sources */,
				70F285AE27C60A82009D4F52 /* Frameworks */,
				70F285AF27C60A82009D4F52 /* Resources */,
				D82F9F9CC5594C12D11B1224 /* [CP] Embed Pods Frameworks */,
			);
			buildRules = (
			);
			dependencies = (
			);
			name = KakaoBlog;
			productName = KakaoBlog;
			productReference = 70F285B127C60A82009D4F52 /* KakaoBlog.app */;
			productType = "com.apple.product-type.application";
		};
/* End PBXNativeTarget section */

/* Begin PBXProject section */
		70F285A927C60A82009D4F52 /* Project object */ = {
			isa = PBXProject;
			attributes = {
				LastSwiftUpdateCheck = 1250;
				LastUpgradeCheck = 1250;
				TargetAttributes = {
					70F285B027C60A82009D4F52 = {
						CreatedOnToolsVersion = 12.5;
					};
				};
			};
			buildConfigurationList = 70F285AC27C60A82009D4F52 /* Build configuration list for PBXProject "KakaoBlog" */;
			compatibilityVersion = "Xcode 9.3";
			developmentRegion = en;
			hasScannedForEncodings = 0;
			knownRegions = (
				en,
				Base,
			);
			mainGroup = 70F285A827C60A82009D4F52;
			productRefGroup = 70F285B227C60A82009D4F52 /* Products */;
			projectDirPath = "";
			projectRoot = "";
			targets = (
				70F285B027C60A82009D4F52 /* KakaoBlog */,
			);
		};
/* End PBXProject section */

/* Begin PBXResourcesBuildPhase section */
		70F285AF27C60A82009D4F52 /* Resources */ = {
			isa = PBXResourcesBuildPhase;
			buildActionMask = 2147483647;
			files = (
				70F285C127C60A83009D4F52 /* LaunchScreen.storyboard in Resources */,
				70F285BE27C60A83009D4F52 /* Assets.xcassets in Resources */,
			);
			runOnlyForDeploymentPostprocessing = 0;
		};
/* End PBXResourcesBuildPhase section */

/* Begin PBXShellScriptBuildPhase section */
		9CF01520E7C45BCDA2CF67D1 /* [CP] Check Pods Manifest.lock */ = {
			isa = PBXShellScriptBuildPhase;
			buildActionMask = 2147483647;
			files = (
			);
			inputFileListPaths = (
			);
			inputPaths = (
				"${PODS_PODFILE_DIR_PATH}/Podfile.lock",
				"${PODS_ROOT}/Manifest.lock",
			);
			name = "[CP] Check Pods Manifest.lock";
			outputFileListPaths = (
			);
			outputPaths = (
				"$(DERIVED_FILE_DIR)/Pods-KakaoBlog-checkManifestLockResult.txt",
			);
			runOnlyForDeploymentPostprocessing = 0;
			shellPath = /bin/sh;
			shellScript = "diff \"${PODS_PODFILE_DIR_PATH}/Podfile.lock\" \"${PODS_ROOT}/Manifest.lock\" > /dev/null\nif [ $? != 0 ] ; then\n    # print error to STDERR\n    echo \"error: The sandbox is not in sync with the Podfile.lock. Run 'pod install' or update your CocoaPods installation.\" >&2\n    exit 1\nfi\n# This output is used by Xcode 'outputs' to avoid re-running this script phase.\necho \"SUCCESS\" > \"${SCRIPT_OUTPUT_FILE_0}\"\n";
			showEnvVarsInLog = 0;
		};
		D82F9F9CC5594C12D11B1224 /* [CP] Embed Pods Frameworks */ = {
			isa = PBXShellScriptBuildPhase;
			buildActionMask = 2147483647;
			files = (
			);
			inputFileListPaths = (
				"${PODS_ROOT}/Target Support Files/Pods-KakaoBlog/Pods-KakaoBlog-frameworks-${CONFIGURATION}-input-files.xcfilelist",
			);
			name = "[CP] Embed Pods Frameworks";
			outputFileListPaths = (
				"${PODS_ROOT}/Target Support Files/Pods-KakaoBlog/Pods-KakaoBlog-frameworks-${CONFIGURATION}-output-files.xcfilelist",
			);
			runOnlyForDeploymentPostprocessing = 0;
			shellPath = /bin/sh;
			shellScript = "\"${PODS_ROOT}/Target Support Files/Pods-KakaoBlog/Pods-KakaoBlog-frameworks.sh\"\n";
			showEnvVarsInLog = 0;
		};
/* End PBXShellScriptBuildPhase section */

/* Begin PBXSourcesBuildPhase section */
		70F285AD27C60A82009D4F52 /* Sources */ = {
			isa = PBXSourcesBuildPhase;
			buildActionMask = 2147483647;
			files = (
				70F285D827C7256E009D4F52 /* KakaoBlogView.swift in Sources */,
				70F285E827C73BEC009D4F52 /* KakaoBlog+UITableView.swift in Sources */,
				70F285D027C724A8009D4F52 /* BaseViewController.swift in Sources */,
				70F285D227C72507009D4F52 /* KakaoBlogController.swift in Sources */,
				70F2864F27CA23CA009D4F52 /* LoadingView.swift in Sources */,
				70F285DE27C72B00009D4F52 /* KakaoBlogUsecase.swift in Sources */,
				70F285CA27C71FFF009D4F52 /* KakaoBlogRepositoryImpl.swift in Sources */,
				70F285E127C72B9D009D4F52 /* KakaoBlogViewModel.swift in Sources */,
				70F285B527C60A82009D4F52 /* AppDelegate.swift in Sources */,
				70F285D527C72529009D4F52 /* BaseView.swift in Sources */,
				70F285B727C60A82009D4F52 /* SceneDelegate.swift in Sources */,
				70F285EA27C73CFB009D4F52 /* KakaoBlogModel.swift in Sources */,
				70F285E327C7331A009D4F52 /* KakaoBlogCell.swift in Sources */,
				70F285ED27C7410F009D4F52 /* Font.swift in Sources */,
				70F285E627C73643009D4F52 /* extension+UIImageView.swift in Sources */,
				70F285DB27C72847009D4F52 /* KakaoBlogEntity.swift in Sources */,
				70F285CC27C72340009D4F52 /* KakaoBlogRepository.swift in Sources */,
			);
			runOnlyForDeploymentPostprocessing = 0;
		};
/* End PBXSourcesBuildPhase section */

/* Begin PBXVariantGroup section */
		70F285BF27C60A83009D4F52 /* LaunchScreen.storyboard */ = {
			isa = PBXVariantGroup;
			children = (
				70F285C027C60A83009D4F52 /* Base */,
			);
			name = LaunchScreen.storyboard;
			sourceTree = "<group>";
		};
/* End PBXVariantGroup section */

/* Begin XCBuildConfiguration section */
		70F285C327C60A83009D4F52 /* Debug */ = {
			isa = XCBuildConfiguration;
			buildSettings = {
				ALWAYS_SEARCH_USER_PATHS = NO;
				CLANG_ANALYZER_NONNULL = YES;
				CLANG_ANALYZER_NUMBER_OBJECT_CONVERSION = YES_AGGRESSIVE;
				CLANG_CXX_LANGUAGE_STANDARD = "gnu++14";
				CLANG_CXX_LIBRARY = "libc++";
				CLANG_ENABLE_MODULES = YES;
				CLANG_ENABLE_OBJC_ARC = YES;
				CLANG_ENABLE_OBJC_WEAK = YES;
				CLANG_WARN_BLOCK_CAPTURE_AUTORELEASING = YES;
				CLANG_WARN_BOOL_CONVERSION = YES;
				CLANG_WARN_COMMA = YES;
				CLANG_WARN_CONSTANT_CONVERSION = YES;
				CLANG_WARN_DEPRECATED_OBJC_IMPLEMENTATIONS = YES;
				CLANG_WARN_DIRECT_OBJC_ISA_USAGE = YES_ERROR;
				CLANG_WARN_DOCUMENTATION_COMMENTS = YES;
				CLANG_WARN_EMPTY_BODY = YES;
				CLANG_WARN_ENUM_CONVERSION = YES;
				CLANG_WARN_INFINITE_RECURSION = YES;
				CLANG_WARN_INT_CONVERSION = YES;
				CLANG_WARN_NON_LITERAL_NULL_CONVERSION = YES;
				CLANG_WARN_OBJC_IMPLICIT_RETAIN_SELF = YES;
				CLANG_WARN_OBJC_LITERAL_CONVERSION = YES;
				CLANG_WARN_OBJC_ROOT_CLASS = YES_ERROR;
				CLANG_WARN_QUOTED_INCLUDE_IN_FRAMEWORK_HEADER = YES;
				CLANG_WARN_RANGE_LOOP_ANALYSIS = YES;
				CLANG_WARN_STRICT_PROTOTYPES = YES;
				CLANG_WARN_SUSPICIOUS_MOVE = YES;
				CLANG_WARN_UNGUARDED_AVAILABILITY = YES_AGGRESSIVE;
				CLANG_WARN_UNREACHABLE_CODE = YES;
				CLANG_WARN__DUPLICATE_METHOD_MATCH = YES;
				COPY_PHASE_STRIP = NO;
				DEBUG_INFORMATION_FORMAT = dwarf;
				ENABLE_STRICT_OBJC_MSGSEND = YES;
				ENABLE_TESTABILITY = YES;
				GCC_C_LANGUAGE_STANDARD = gnu11;
				GCC_DYNAMIC_NO_PIC = NO;
				GCC_NO_COMMON_BLOCKS = YES;
				GCC_OPTIMIZATION_LEVEL = 0;
				GCC_PREPROCESSOR_DEFINITIONS = (
					"DEBUG=1",
					"$(inherited)",
				);
				GCC_WARN_64_TO_32_BIT_CONVERSION = YES;
				GCC_WARN_ABOUT_RETURN_TYPE = YES_ERROR;
				GCC_WARN_UNDECLARED_SELECTOR = YES;
				GCC_WARN_UNINITIALIZED_AUTOS = YES_AGGRESSIVE;
				GCC_WARN_UNUSED_FUNCTION = YES;
				GCC_WARN_UNUSED_VARIABLE = YES;
				IPHONEOS_DEPLOYMENT_TARGET = 14.5;
				MTL_ENABLE_DEBUG_INFO = INCLUDE_SOURCE;
				MTL_FAST_MATH = YES;
				ONLY_ACTIVE_ARCH = YES;
				SDKROOT = iphoneos;
				SWIFT_ACTIVE_COMPILATION_CONDITIONS = DEBUG;
				SWIFT_OPTIMIZATION_LEVEL = "-Onone";
			};
			name = Debug;
		};
		70F285C427C60A83009D4F52 /* Release */ = {
			isa = XCBuildConfiguration;
			buildSettings = {
				ALWAYS_SEARCH_USER_PATHS = NO;
				CLANG_ANALYZER_NONNULL = YES;
				CLANG_ANALYZER_NUMBER_OBJECT_CONVERSION = YES_AGGRESSIVE;
				CLANG_CXX_LANGUAGE_STANDARD = "gnu++14";
				CLANG_CXX_LIBRARY = "libc++";
				CLANG_ENABLE_MODULES = YES;
				CLANG_ENABLE_OBJC_ARC = YES;
				CLANG_ENABLE_OBJC_WEAK = YES;
				CLANG_WARN_BLOCK_CAPTURE_AUTORELEASING = YES;
				CLANG_WARN_BOOL_CONVERSION = YES;
				CLANG_WARN_COMMA = YES;
				CLANG_WARN_CONSTANT_CONVERSION = YES;
				CLANG_WARN_DEPRECATED_OBJC_IMPLEMENTATIONS = YES;
				CLANG_WARN_DIRECT_OBJC_ISA_USAGE = YES_ERROR;
				CLANG_WARN_DOCUMENTATION_COMMENTS = YES;
				CLANG_WARN_EMPTY_BODY = YES;
				CLANG_WARN_ENUM_CONVERSION = YES;
				CLANG_WARN_INFINITE_RECURSION = YES;
				CLANG_WARN_INT_CONVERSION = YES;
				CLANG_WARN_NON_LITERAL_NULL_CONVERSION = YES;
				CLANG_WARN_OBJC_IMPLICIT_RETAIN_SELF = YES;
				CLANG_WARN_OBJC_LITERAL_CONVERSION = YES;
				CLANG_WARN_OBJC_ROOT_CLASS = YES_ERROR;
				CLANG_WARN_QUOTED_INCLUDE_IN_FRAMEWORK_HEADER = YES;
				CLANG_WARN_RANGE_LOOP_ANALYSIS = YES;
				CLANG_WARN_STRICT_PROTOTYPES = YES;
				CLANG_WARN_SUSPICIOUS_MOVE = YES;
				CLANG_WARN_UNGUARDED_AVAILABILITY = YES_AGGRESSIVE;
				CLANG_WARN_UNREACHABLE_CODE = YES;
				CLANG_WARN__DUPLICATE_METHOD_MATCH = YES;
				COPY_PHASE_STRIP = NO;
				DEBUG_INFORMATION_FORMAT = "dwarf-with-dsym";
				ENABLE_NS_ASSERTIONS = NO;
				ENABLE_STRICT_OBJC_MSGSEND = YES;
				GCC_C_LANGUAGE_STANDARD = gnu11;
				GCC_NO_COMMON_BLOCKS = YES;
				GCC_WARN_64_TO_32_BIT_CONVERSION = YES;
				GCC_WARN_ABOUT_RETURN_TYPE = YES_ERROR;
				GCC_WARN_UNDECLARED_SELECTOR = YES;
				GCC_WARN_UNINITIALIZED_AUTOS = YES_AGGRESSIVE;
				GCC_WARN_UNUSED_FUNCTION = YES;
				GCC_WARN_UNUSED_VARIABLE = YES;
				IPHONEOS_DEPLOYMENT_TARGET = 14.5;
				MTL_ENABLE_DEBUG_INFO = NO;
				MTL_FAST_MATH = YES;
				SDKROOT = iphoneos;
				SWIFT_COMPILATION_MODE = wholemodule;
				SWIFT_OPTIMIZATION_LEVEL = "-O";
				VALIDATE_PRODUCT = YES;
			};
			name = Release;
		};
		70F285C627C60A83009D4F52 /* Debug */ = {
			isa = XCBuildConfiguration;
			baseConfigurationReference = 32EBA7F0AFB16FB28CC08744 /* Pods-KakaoBlog.debug.xcconfig */;
			buildSettings = {
				ASSETCATALOG_COMPILER_APPICON_NAME = AppIcon;
				ASSETCATALOG_COMPILER_GLOBAL_ACCENT_COLOR_NAME = AccentColor;
				CODE_SIGN_STYLE = Automatic;
				DEVELOPMENT_TEAM = ASZ874HB9K;
				INFOPLIST_FILE = KakaoBlog/Info.plist;
				LD_RUNPATH_SEARCH_PATHS = (
					"$(inherited)",
					"@executable_path/Frameworks",
				);
				PRODUCT_BUNDLE_IDENTIFIER = Jun.KakaoBlog;
				PRODUCT_NAME = "$(TARGET_NAME)";
				SWIFT_VERSION = 5.0;
				TARGETED_DEVICE_FAMILY = "1,2";
			};
			name = Debug;
		};
		70F285C727C60A83009D4F52 /* Release */ = {
			isa = XCBuildConfiguration;
			baseConfigurationReference = 7A8D1B8C9F7203CD566F347A /* Pods-KakaoBlog.release.xcconfig */;
			buildSettings = {
				ASSETCATALOG_COMPILER_APPICON_NAME = AppIcon;
				ASSETCATALOG_COMPILER_GLOBAL_ACCENT_COLOR_NAME = AccentColor;
				CODE_SIGN_STYLE = Automatic;
				DEVELOPMENT_TEAM = ASZ874HB9K;
				INFOPLIST_FILE = KakaoBlog/Info.plist;
				LD_RUNPATH_SEARCH_PATHS = (
					"$(inherited)",
					"@executable_path/Frameworks",
				);
				PRODUCT_BUNDLE_IDENTIFIER = Jun.KakaoBlog;
				PRODUCT_NAME = "$(TARGET_NAME)";
				SWIFT_VERSION = 5.0;
				TARGETED_DEVICE_FAMILY = "1,2";
			};
			name = Release;
		};
/* End XCBuildConfiguration section */

/* Begin XCConfigurationList section */
		70F285AC27C60A82009D4F52 /* Build configuration list for PBXProject "KakaoBlog" */ = {
			isa = XCConfigurationList;
			buildConfigurations = (
				70F285C327C60A83009D4F52 /* Debug */,
				70F285C427C60A83009D4F52 /* Release */,
			);
			defaultConfigurationIsVisible = 0;
			defaultConfigurationName = Release;
		};
		70F285C527C60A83009D4F52 /* Build configuration list for PBXNativeTarget "KakaoBlog" */ = {
			isa = XCConfigurationList;
			buildConfigurations = (
				70F285C627C60A83009D4F52 /* Debug */,
				70F285C727C60A83009D4F52 /* Release */,
			);
			defaultConfigurationIsVisible = 0;
			defaultConfigurationName = Release;
		};
/* End XCConfigurationList section */
	};
	rootObject = 70F285A927C60A82009D4F52 /* Project object */;
}
